
Microsoft Visual Studio Solution File, Format Version 12.00
# Visual Studio 15
Project("{FAE04EC0-301F-11D3-BF4B-00C04F79EFBC}") = "NetApi", "NetApi\NetApi.csproj", "{5E7FC28A-7A51-4BAE-89F2-3D17E0D254FF}"
EndProject
Global
	GlobalSection(SolutionConfigurationPlatforms) = preSolution
		Debug|Any CPU = Debug|Any CPU
		Release|Any CPU = Release|Any CPU
	EndGlobalSection
	GlobalSection(ProjectConfigurationPlatforms) = postSolution
		{5E7FC28A-7A51-4BAE-89F2-3D17E0D254FF}.Debug|Any CPU.ActiveCfg = Debug|Any CPU
		{5E7FC28A-7A51-4BAE-89F2-3D17E0D254FF}.Debug|Any CPU.Build.0 = Debug|Any CPU
		{5E7FC28A-7A51-4BAE-89F2-3D17E0D254FF}.Release|Any CPU.ActiveCfg = Release|Any CPU
		{5E7FC28A-7A51-4BAE-89F2-3D17E0D254FF}.Release|Any CPU.Build.0 = Release|Any CPU
	EndGlobalSection
EndGlobal
