
Microsoft Visual Studio Solution File, Format Version 12.00
# Visual Studio Version 16
VisualStudioVersion = 16.0.30011.22
MinimumVisualStudioVersion = 10.0.40219.1
Project("{9A19103F-16F7-4668-BE54-9A1E7A4F7556}") = "SkyAgencyAPI", "SkyAgencyAPI.csproj", "{375A32F1-2CA1-4D19-8764-527B82216D17}"
EndProject
Project("{9A19103F-16F7-4668-BE54-9A1E7A4F7556}") = "SkyAgencyFront", "..\SkyAgencyFront\SkyAgencyFront.csproj", "{299DD2B0-9B35-46BD-8B3E-85BB3CF26554}"
EndProject
Global
	GlobalSection(SolutionConfigurationPlatforms) = preSolution
		Debug|Any CPU = Debug|Any CPU
		Release|Any CPU = Release|Any CPU
	EndGlobalSection
	GlobalSection(ProjectConfigurationPlatforms) = postSolution
		{375A32F1-2CA1-4D19-8764-527B82216D17}.Debug|Any CPU.ActiveCfg = Debug|Any CPU
		{375A32F1-2CA1-4D19-8764-527B82216D17}.Debug|Any CPU.Build.0 = Debug|Any CPU
		{375A32F1-2CA1-4D19-8764-527B82216D17}.Release|Any CPU.ActiveCfg = Release|Any CPU
		{375A32F1-2CA1-4D19-8764-527B82216D17}.Release|Any CPU.Build.0 = Release|Any CPU
		{299DD2B0-9B35-46BD-8B3E-85BB3CF26554}.Debug|Any CPU.ActiveCfg = Debug|Any CPU
		{299DD2B0-9B35-46BD-8B3E-85BB3CF26554}.Debug|Any CPU.Build.0 = Debug|Any CPU
		{299DD2B0-9B35-46BD-8B3E-85BB3CF26554}.Release|Any CPU.ActiveCfg = Release|Any CPU
		{299DD2B0-9B35-46BD-8B3E-85BB3CF26554}.Release|Any CPU.Build.0 = Release|Any CPU
	EndGlobalSection
	GlobalSection(SolutionProperties) = preSolution
		HideSolutionNode = FALSE
	EndGlobalSection
	GlobalSection(ExtensibilityGlobals) = postSolution
		SolutionGuid = {A908392C-7E2E-4116-9152-CA308007CE16}
	EndGlobalSection
EndGlobal
