
Microsoft Visual Studio Solution File, Format Version 12.00
# Visual Studio 15
Project("{FAE04EC0-301F-11D3-BF4B-00C04F79EFBC}") = "api", "api\api.csproj", "{3C030BCE-3BD3-4809-92FC-7FCB47267DD8}"
EndProject
Global
	GlobalSection(SolutionConfigurationPlatforms) = preSolution
		Debug|Any CPU = Debug|Any CPU
		Release|Any CPU = Release|Any CPU
	EndGlobalSection
	GlobalSection(ProjectConfigurationPlatforms) = postSolution
		{3C030BCE-3BD3-4809-92FC-7FCB47267DD8}.Debug|Any CPU.ActiveCfg = Debug|Any CPU
		{3C030BCE-3BD3-4809-92FC-7FCB47267DD8}.Debug|Any CPU.Build.0 = Debug|Any CPU
		{3C030BCE-3BD3-4809-92FC-7FCB47267DD8}.Release|Any CPU.ActiveCfg = Release|Any CPU
		{3C030BCE-3BD3-4809-92FC-7FCB47267DD8}.Release|Any CPU.Build.0 = Release|Any CPU
	EndGlobalSection
EndGlobal
